
Microsoft Visual Studio Solution File, Format Version 12.00
# Visual Studio Version 17
VisualStudioVersion = 17.2.32630.192
MinimumVisualStudioVersion = 10.0.40219.1
Project("{9A19103F-16F7-4668-BE54-9A1E7A4F7556}") = "F10Y.NG0016.Construction", "F10Y.NG0016.Construction\F10Y.NG0016.Construction.csproj", "{4F29312F-932B-4CB1-A5C4-62D80B50A8BA}"
EndProject
Project("{9A19103F-16F7-4668-BE54-9A1E7A4F7556}") = "F10Y.NG0016", "F10Y.NG0016\F10Y.NG0016.csproj", "{0D83CE41-7320-412F-B9A8-793615F1992A}"
EndProject
Global
	GlobalSection(SolutionConfigurationPlatforms) = preSolution
		Debug|Any CPU = Debug|Any CPU
		Release|Any CPU = Release|Any CPU
	EndGlobalSection
	GlobalSection(ProjectConfigurationPlatforms) = postSolution
		{4F29312F-932B-4CB1-A5C4-62D80B50A8BA}.Debug|Any CPU.ActiveCfg = Debug|Any CPU
		{4F29312F-932B-4CB1-A5C4-62D80B50A8BA}.Debug|Any CPU.Build.0 = Debug|Any CPU
		{4F29312F-932B-4CB1-A5C4-62D80B50A8BA}.Release|Any CPU.ActiveCfg = Release|Any CPU
		{4F29312F-932B-4CB1-A5C4-62D80B50A8BA}.Release|Any CPU.Build.0 = Release|Any CPU
		{0D83CE41-7320-412F-B9A8-793615F1992A}.Debug|Any CPU.ActiveCfg = Debug|Any CPU
		{0D83CE41-7320-412F-B9A8-793615F1992A}.Debug|Any CPU.Build.0 = Debug|Any CPU
		{0D83CE41-7320-412F-B9A8-793615F1992A}.Release|Any CPU.ActiveCfg = Release|Any CPU
		{0D83CE41-7320-412F-B9A8-793615F1992A}.Release|Any CPU.Build.0 = Release|Any CPU
	EndGlobalSection
	GlobalSection(SolutionProperties) = preSolution
		HideSolutionNode = FALSE
	EndGlobalSection
	GlobalSection(ExtensibilityGlobals) = postSolution
		SolutionGuid = {BBD359EC-EF44-4A9C-8578-C59EB6120302}
	EndGlobalSection
EndGlobal
